// !$*UTF8*$!
{
	archiveVersion = 1;
	classes = {
	};
	objectVersion = 77;
	objects = {

/* Begin PBXBuildFile section */
		174FA77157A537A7F1F10344 /* ScriptCardView.swift in Sources */ = {isa = PBXBuildFile; fileRef = 9C76306DDAB8393C34776EC3 /* ScriptCardView.swift */; };
		1A5C6E4A7C05E0750C23449F /* RawcutApp.swift in Sources */ = {isa = PBXBuildFile; fileRef = 6BB80A93D50BBDBC12439A6C /* RawcutApp.swift */; };
		1AAA2CBCAA61018C8E9B0C3F /* RenderProgressBubble.swift in Sources */ = {isa = PBXBuildFile; fileRef = 7E7E606DD35962B0A1EC9DA0 /* RenderProgressBubble.swift */; };
		268DFCE8634424536163099D /* MediaAsset.swift in Sources */ = {isa = PBXBuildFile; fileRef = 9E902B4656E2E3A7BA594278 /* MediaAsset.swift */; };
		37947158DC8786913D79D267 /* SyncStatusBar.swift in Sources */ = {isa = PBXBuildFile; fileRef = 6E71CEC49DE7008C7ECF29EE /* SyncStatusBar.swift */; };
		39B42CF1CDEC8E2FBEC9FFA0 /* OnboardingView.swift in Sources */ = {isa = PBXBuildFile; fileRef = 1E0938E6976FCE3C904C8321 /* OnboardingView.swift */; };
		3C9075CB4DC6B5654A502A63 /* UploadManager.swift in Sources */ = {isa = PBXBuildFile; fileRef = 0F1A1DBAD71BD3B6E817A40C /* UploadManager.swift */; };
		4BCB897946FCC93D31E64928 /* MediaHubView.swift in Sources */ = {isa = PBXBuildFile; fileRef = 2DD2938CDEB263EFEB8DCCEB /* MediaHubView.swift */; };
		4D550340743444E38E310988 /* InlineVideoPlayer.swift in Sources */ = {isa = PBXBuildFile; fileRef = C3AB5D8A31E6647950439521 /* InlineVideoPlayer.swift */; };
		4E465C97951E0EAB731CD3A2 /* AppDelegate.swift in Sources */ = {isa = PBXBuildFile; fileRef = 47432B564928A9F9FACEE249 /* AppDelegate.swift */; };
		5CCE978A84994071B358C3D4 /* SearchView.swift in Sources */ = {isa = PBXBuildFile; fileRef = DB7173877C37667943D6F1CD /* SearchView.swift */; };
		67B88525790A5BCCDCCD456E /* TimelineView.swift in Sources */ = {isa = PBXBuildFile; fileRef = 46F0B977B25D667FD4011716 /* TimelineView.swift */; };
		70CD415C1B050FCAAA0404B4 /* NetworkMonitor.swift in Sources */ = {isa = PBXBuildFile; fileRef = 227DDCD54EE1A8DA5E6B251B /* NetworkMonitor.swift */; };
		85AF8C7C5F5C197E3DC1FDA8 /* SyncEngine.swift in Sources */ = {isa = PBXBuildFile; fileRef = 624E5A9B11CDF86614644105 /* SyncEngine.swift */; };
		95C56EF876481EAE5ED808C8 /* AuthManager.swift in Sources */ = {isa = PBXBuildFile; fileRef = D33006027A8CD151B4187614 /* AuthManager.swift */; };
		A1B2C3D4E5F60718293A4B5C /* ProjectDetailView.swift in Sources */ = {isa = PBXBuildFile; fileRef = B2C3D4E5F6071829304A5B6C /* ProjectDetailView.swift */; };
		AC05A2501EB22B889F2F744D /* RawcutTests.swift in Sources */ = {isa = PBXBuildFile; fileRef = 939A55ED58E665B522583CE1 /* RawcutTests.swift */; };
		AD12AA667077741A21B03993 /* ChatView.swift in Sources */ = {isa = PBXBuildFile; fileRef = 3CDDACC71FF213FE95C05755 /* ChatView.swift */; };
		BA7FDF4C96001C2AD2D2CB5D /* PhotoLibraryObserver.swift in Sources */ = {isa = PBXBuildFile; fileRef = 53EBE259DBBC2676A154599C /* PhotoLibraryObserver.swift */; };
		BB22CC33DD44EE55FF66AA11 /* Assets.xcassets in Resources */ = {isa = PBXBuildFile; fileRef = AA11BB22CC33DD44EE55FF66 /* Assets.xcassets */; };
		BB33CC44DD55EE66FF77AA22 /* APIClient.swift in Sources */ = {isa = PBXBuildFile; fileRef = AA22BB33CC44DD55EE66FF77 /* APIClient.swift */; };
		C3D4E5F607182930415B6C7D /* RenderStatusView.swift in Sources */ = {isa = PBXBuildFile; fileRef = D4E5F60718293041526C7D8E /* RenderStatusView.swift */; };
		C528FC3BEFD2F8D4DE0E0F4E /* ContentView.swift in Sources */ = {isa = PBXBuildFile; fileRef = 93A674E9FC88B9CC8571458C /* ContentView.swift */; };
		D3BFAB74117185BED700BA45 /* EmptyStateView.swift in Sources */ = {isa = PBXBuildFile; fileRef = 4A3417AADA5BA39E4FDCF2F0 /* EmptyStateView.swift */; };
		DD55EE66FF77AA22BB33CC44 /* ProjectsView.swift in Sources */ = {isa = PBXBuildFile; fileRef = CC44DD55EE66FF77AA22BB33 /* ProjectsView.swift */; };
		E2316A028038CEE58003EDCD /* AssetThumbnailView.swift in Sources */ = {isa = PBXBuildFile; fileRef = 4599CEC66309486D1AE556B2 /* AssetThumbnailView.swift */; };
		E72C373C931067F9BE34D818 /* SyncStatus.swift in Sources */ = {isa = PBXBuildFile; fileRef = EE5C805CF93AFF5006ECFCEF /* SyncStatus.swift */; };
		EB1C6E98CDDCBF70B45AC61E /* LocalStore.swift in Sources */ = {isa = PBXBuildFile; fileRef = 831BDED24E5F40D8C4917ABC /* LocalStore.swift */; };
		F4153450F284A4ED6ECDB6D6 /* SettingsView.swift in Sources */ = {isa = PBXBuildFile; fileRef = C2EB4C006454AA1DBB1FB872 /* SettingsView.swift */; };
		FF66AA11BB22CC33DD44EE55 /* Localizable.xcstrings in Resources */ = {isa = PBXBuildFile; fileRef = EE55FF66AA11BB22CC33DD44 /* Localizable.xcstrings */; };
		FF77AA22BB33CC44DD55EE66 /* CreateView.swift in Sources */ = {isa = PBXBuildFile; fileRef = EE66FF77AA22BB33CC44DD55 /* CreateView.swift */; };
/* End PBXBuildFile section */

/* Begin PBXContainerItemProxy section */
		481C789097CEA5B9A7D0B467 /* PBXContainerItemProxy */ = {
			isa = PBXContainerItemProxy;
			containerPortal = A88D841869819D327C146391 /* Project object */;
			proxyType = 1;
			remoteGlobalIDString = 75971D7AAFC58CAAAB076FC7;
			remoteInfo = Rawcut;
		};
/* End PBXContainerItemProxy section */

/* Begin PBXFileReference section */
		07F33FDEDA02173DFAF60B5C /* Rawcut.app */ = {isa = PBXFileReference; explicitFileType = wrapper.application; includeInIndex = 0; path = Rawcut.app; sourceTree = BUILT_PRODUCTS_DIR; };
		0F1A1DBAD71BD3B6E817A40C /* UploadManager.swift */ = {isa = PBXFileReference; lastKnownFileType = sourcecode.swift; path = UploadManager.swift; sourceTree = "<group>"; };
		1E0938E6976FCE3C904C8321 /* OnboardingView.swift */ = {isa = PBXFileReference; lastKnownFileType = sourcecode.swift; path = OnboardingView.swift; sourceTree = "<group>"; };
		227DDCD54EE1A8DA5E6B251B /* NetworkMonitor.swift */ = {isa = PBXFileReference; lastKnownFileType = sourcecode.swift; path = NetworkMonitor.swift; sourceTree = "<group>"; };
		2DD2938CDEB263EFEB8DCCEB /* MediaHubView.swift */ = {isa = PBXFileReference; lastKnownFileType = sourcecode.swift; path = MediaHubView.swift; sourceTree = "<group>"; };
		3CDDACC71FF213FE95C05755 /* ChatView.swift */ = {isa = PBXFileReference; includeInIndex = 1; lastKnownFileType = sourcecode.swift; path = ChatView.swift; sourceTree = "<group>"; };
		4599CEC66309486D1AE556B2 /* AssetThumbnailView.swift */ = {isa = PBXFileReference; lastKnownFileType = sourcecode.swift; path = AssetThumbnailView.swift; sourceTree = "<group>"; };
		46F0B977B25D667FD4011716 /* TimelineView.swift */ = {isa = PBXFileReference; lastKnownFileType = sourcecode.swift; path = TimelineView.swift; sourceTree = "<group>"; };
		47432B564928A9F9FACEE249 /* AppDelegate.swift */ = {isa = PBXFileReference; lastKnownFileType = sourcecode.swift; path = AppDelegate.swift; sourceTree = "<group>"; };
		4A3417AADA5BA39E4FDCF2F0 /* EmptyStateView.swift */ = {isa = PBXFileReference; lastKnownFileType = sourcecode.swift; path = EmptyStateView.swift; sourceTree = "<group>"; };
		53EBE259DBBC2676A154599C /* PhotoLibraryObserver.swift */ = {isa = PBXFileReference; lastKnownFileType = sourcecode.swift; path = PhotoLibraryObserver.swift; sourceTree = "<group>"; };
		56F4E907376B1ECE34C5FC69 /* Rawcut.entitlements */ = {isa = PBXFileReference; lastKnownFileType = text.plist.entitlements; path = Rawcut.entitlements; sourceTree = "<group>"; };
		624E5A9B11CDF86614644105 /* SyncEngine.swift */ = {isa = PBXFileReference; lastKnownFileType = sourcecode.swift; path = SyncEngine.swift; sourceTree = "<group>"; };
		6BB80A93D50BBDBC12439A6C /* RawcutApp.swift */ = {isa = PBXFileReference; lastKnownFileType = sourcecode.swift; path = RawcutApp.swift; sourceTree = "<group>"; };
		6E71CEC49DE7008C7ECF29EE /* SyncStatusBar.swift */ = {isa = PBXFileReference; lastKnownFileType = sourcecode.swift; path = SyncStatusBar.swift; sourceTree = "<group>"; };
		7E7E606DD35962B0A1EC9DA0 /* RenderProgressBubble.swift */ = {isa = PBXFileReference; includeInIndex = 1; lastKnownFileType = sourcecode.swift; path = RenderProgressBubble.swift; sourceTree = "<group>"; };
		831BDED24E5F40D8C4917ABC /* LocalStore.swift */ = {isa = PBXFileReference; lastKnownFileType = sourcecode.swift; path = LocalStore.swift; sourceTree = "<group>"; };
		8A454626B7927707F096E4CE /* Info.plist */ = {isa = PBXFileReference; lastKnownFileType = text.plist; path = Info.plist; sourceTree = "<group>"; };
		939A55ED58E665B522583CE1 /* RawcutTests.swift */ = {isa = PBXFileReference; lastKnownFileType = sourcecode.swift; path = RawcutTests.swift; sourceTree = "<group>"; };
		93A674E9FC88B9CC8571458C /* ContentView.swift */ = {isa = PBXFileReference; lastKnownFileType = sourcecode.swift; path = ContentView.swift; sourceTree = "<group>"; };
		9C76306DDAB8393C34776EC3 /* ScriptCardView.swift */ = {isa = PBXFileReference; includeInIndex = 1; lastKnownFileType = sourcecode.swift; path = ScriptCardView.swift; sourceTree = "<group>"; };
		9E902B4656E2E3A7BA594278 /* MediaAsset.swift */ = {isa = PBXFileReference; lastKnownFileType = sourcecode.swift; path = MediaAsset.swift; sourceTree = "<group>"; };
		AA11BB22CC33DD44EE55FF66 /* Assets.xcassets */ = {isa = PBXFileReference; lastKnownFileType = folder.assetcatalog; path = Assets.xcassets; sourceTree = "<group>"; };
		AA22BB33CC44DD55EE66FF77 /* APIClient.swift */ = {isa = PBXFileReference; lastKnownFileType = sourcecode.swift; path = APIClient.swift; sourceTree = "<group>"; };
		B2C3D4E5F6071829304A5B6C /* ProjectDetailView.swift */ = {isa = PBXFileReference; lastKnownFileType = sourcecode.swift; path = ProjectDetailView.swift; sourceTree = "<group>"; };
		C2EB4C006454AA1DBB1FB872 /* SettingsView.swift */ = {isa = PBXFileReference; lastKnownFileType = sourcecode.swift; path = SettingsView.swift; sourceTree = "<group>"; };
		C3AB5D8A31E6647950439521 /* InlineVideoPlayer.swift */ = {isa = PBXFileReference; includeInIndex = 1; lastKnownFileType = sourcecode.swift; path = InlineVideoPlayer.swift; sourceTree = "<group>"; };
		CC44DD55EE66FF77AA22BB33 /* ProjectsView.swift */ = {isa = PBXFileReference; lastKnownFileType = sourcecode.swift; path = ProjectsView.swift; sourceTree = "<group>"; };
		D33006027A8CD151B4187614 /* AuthManager.swift */ = {isa = PBXFileReference; lastKnownFileType = sourcecode.swift; path = AuthManager.swift; sourceTree = "<group>"; };
		D4E5F60718293041526C7D8E /* RenderStatusView.swift */ = {isa = PBXFileReference; lastKnownFileType = sourcecode.swift; path = RenderStatusView.swift; sourceTree = "<group>"; };
		DB7173877C37667943D6F1CD /* SearchView.swift */ = {isa = PBXFileReference; lastKnownFileType = sourcecode.swift; path = SearchView.swift; sourceTree = "<group>"; };
		DFB755185356E81E51B6FABE /* RawcutTests.xctest */ = {isa = PBXFileReference; includeInIndex = 0; lastKnownFileType = wrapper.cfbundle; path = RawcutTests.xctest; sourceTree = BUILT_PRODUCTS_DIR; };
		EE55FF66AA11BB22CC33DD44 /* Localizable.xcstrings */ = {isa = PBXFileReference; lastKnownFileType = text.json.xcstrings; path = Localizable.xcstrings; sourceTree = "<group>"; };
		EE5C805CF93AFF5006ECFCEF /* SyncStatus.swift */ = {isa = PBXFileReference; lastKnownFileType = sourcecode.swift; path = SyncStatus.swift; sourceTree = "<group>"; };
		EE66FF77AA22BB33CC44DD55 /* CreateView.swift */ = {isa = PBXFileReference; lastKnownFileType = sourcecode.swift; path = CreateView.swift; sourceTree = "<group>"; };
/* End PBXFileReference section */

/* Begin PBXGroup section */
		0786B6E54664124B96CD9CD6 = {
			isa = PBXGroup;
			children = (
				E3C58266FCB3E7A513D3CBAA /* Rawcut */,
				B6F0C4B9CCF12B1B4542C31A /* RawcutTests */,
				8F56DB7F67A2BF1787772FB4 /* Products */,
			);
			sourceTree = "<group>";
		};
		11223344556677889900AABB /* Projects */ = {
			isa = PBXGroup;
			children = (
				CC44DD55EE66FF77AA22BB33 /* ProjectsView.swift */,
				B2C3D4E5F6071829304A5B6C /* ProjectDetailView.swift */,
				D4E5F60718293041526C7D8E /* RenderStatusView.swift */,
			);
			path = Projects;
			sourceTree = "<group>";
		};
		3AF8AEBF45D7084FD8E9FCEC /* App */ = {
			isa = PBXGroup;
			children = (
				47432B564928A9F9FACEE249 /* AppDelegate.swift */,
				6BB80A93D50BBDBC12439A6C /* RawcutApp.swift */,
			);
			path = App;
			sourceTree = "<group>";
		};
		403FA9C18B27F248139DE5F0 /* Shared */ = {
			isa = PBXGroup;
			children = (
				4A3417AADA5BA39E4FDCF2F0 /* EmptyStateView.swift */,
			);
			path = Shared;
			sourceTree = "<group>";
		};
		47510F26754ADDBF7ED78618 /* Persistence */ = {
			isa = PBXGroup;
			children = (
				831BDED24E5F40D8C4917ABC /* LocalStore.swift */,
			);
			path = Persistence;
			sourceTree = "<group>";
		};
		8F56DB7F67A2BF1787772FB4 /* Products */ = {
			isa = PBXGroup;
			children = (
				07F33FDEDA02173DFAF60B5C /* Rawcut.app */,
				DFB755185356E81E51B6FABE /* RawcutTests.xctest */,
			);
			name = Products;
			sourceTree = "<group>";
		};
		9771E1C80F1322C27104DCB1 /* Chat */ = {
			isa = PBXGroup;
			children = (
				3CDDACC71FF213FE95C05755 /* ChatView.swift */,
				9C76306DDAB8393C34776EC3 /* ScriptCardView.swift */,
				C3AB5D8A31E6647950439521 /* InlineVideoPlayer.swift */,
				7E7E606DD35962B0A1EC9DA0 /* RenderProgressBubble.swift */,
			);
			name = Chat;
			path = Chat;
			sourceTree = "<group>";
		};
		9BC9F28F6474666D528344CD /* MediaHub */ = {
			isa = PBXGroup;
			children = (
				4599CEC66309486D1AE556B2 /* AssetThumbnailView.swift */,
				2DD2938CDEB263EFEB8DCCEB /* MediaHubView.swift */,
				DB7173877C37667943D6F1CD /* SearchView.swift */,
				6E71CEC49DE7008C7ECF29EE /* SyncStatusBar.swift */,
				46F0B977B25D667FD4011716 /* TimelineView.swift */,
			);
			path = MediaHub;
			sourceTree = "<group>";
		};
		A29DD215CC9F12EA58D4013C /* Models */ = {
			isa = PBXGroup;
			children = (
				9E902B4656E2E3A7BA594278 /* MediaAsset.swift */,
				EE5C805CF93AFF5006ECFCEF /* SyncStatus.swift */,
			);
			path = Models;
			sourceTree = "<group>";
		};
		AABB00998877665544332211 /* Create */ = {
			isa = PBXGroup;
			children = (
				EE66FF77AA22BB33CC44DD55 /* CreateView.swift */,
			);
			path = Create;
			sourceTree = "<group>";
		};
		B6F0C4B9CCF12B1B4542C31A /* RawcutTests */ = {
			isa = PBXGroup;
			children = (
				939A55ED58E665B522583CE1 /* RawcutTests.swift */,
			);
			path = RawcutTests;
			sourceTree = "<group>";
		};
		B7C4E10AA7C6FC44F6E62965 /* Views */ = {
			isa = PBXGroup;
			children = (
				93A674E9FC88B9CC8571458C /* ContentView.swift */,
				AABB00998877665544332211 /* Create */,
				9BC9F28F6474666D528344CD /* MediaHub */,
				F47EB946B56E05C587A7D058 /* Onboarding */,
				11223344556677889900AABB /* Projects */,
				C81C67C0C4023C4B603AF8B0 /* Settings */,
				403FA9C18B27F248139DE5F0 /* Shared */,
				9771E1C80F1322C27104DCB1 /* Chat */,
			);
			path = Views;
			sourceTree = "<group>";
		};
		C81C67C0C4023C4B603AF8B0 /* Settings */ = {
			isa = PBXGroup;
			children = (
				C2EB4C006454AA1DBB1FB872 /* SettingsView.swift */,
			);
			path = Settings;
			sourceTree = "<group>";
		};
		D37612572C50541ECC39680B /* Services */ = {
			isa = PBXGroup;
			children = (
				AA22BB33CC44DD55EE66FF77 /* APIClient.swift */,
				D33006027A8CD151B4187614 /* AuthManager.swift */,
				227DDCD54EE1A8DA5E6B251B /* NetworkMonitor.swift */,
				53EBE259DBBC2676A154599C /* PhotoLibraryObserver.swift */,
				624E5A9B11CDF86614644105 /* SyncEngine.swift */,
				0F1A1DBAD71BD3B6E817A40C /* UploadManager.swift */,
			);
			path = Services;
			sourceTree = "<group>";
		};
		DD44EE55FF66AA11BB22CC33 /* Resources */ = {
			isa = PBXGroup;
			children = (
				AA11BB22CC33DD44EE55FF66 /* Assets.xcassets */,
				EE55FF66AA11BB22CC33DD44 /* Localizable.xcstrings */,
			);
			path = Resources;
			sourceTree = "<group>";
		};
		E3C58266FCB3E7A513D3CBAA /* Rawcut */ = {
			isa = PBXGroup;
			children = (
				8A454626B7927707F096E4CE /* Info.plist */,
				56F4E907376B1ECE34C5FC69 /* Rawcut.entitlements */,
				3AF8AEBF45D7084FD8E9FCEC /* App */,
				A29DD215CC9F12EA58D4013C /* Models */,
				47510F26754ADDBF7ED78618 /* Persistence */,
				D37612572C50541ECC39680B /* Services */,
				B7C4E10AA7C6FC44F6E62965 /* Views */,
				DD44EE55FF66AA11BB22CC33 /* Resources */,
			);
			path = Rawcut;
			sourceTree = "<group>";
		};
		F47EB946B56E05C587A7D058 /* Onboarding */ = {
			isa = PBXGroup;
			children = (
				1E0938E6976FCE3C904C8321 /* OnboardingView.swift */,
			);
			path = Onboarding;
			sourceTree = "<group>";
		};
/* End PBXGroup section */

/* Begin PBXNativeTarget section */
		75971D7AAFC58CAAAB076FC7 /* Rawcut */ = {
			isa = PBXNativeTarget;
			buildConfigurationList = AEA98BA757654A22E9C2C656 /* Build configuration list for PBXNativeTarget "Rawcut" */;
			buildPhases = (
				CC33DD44EE55FF66AA11BB22 /* Resources */,
				8E6F9916AAC13A1FDACB0FFE /* Sources */,
			);
			buildRules = (
			);
			dependencies = (
			);
			name = Rawcut;
			productName = Rawcut;
			productReference = 07F33FDEDA02173DFAF60B5C /* Rawcut.app */;
			productType = "com.apple.product-type.application";
		};
		9BBCA9B521D8D523656393F4 /* RawcutTests */ = {
			isa = PBXNativeTarget;
			buildConfigurationList = A58B1E541D04313E2B14E8EC /* Build configuration list for PBXNativeTarget "RawcutTests" */;
			buildPhases = (
				38E10010080CE3AD671194E8 /* Sources */,
			);
			buildRules = (
			);
			dependencies = (
				551161D1D410443B67569E6E /* PBXTargetDependency */,
			);
			name = RawcutTests;
			productName = RawcutTests;
			productReference = DFB755185356E81E51B6FABE /* RawcutTests.xctest */;
			productType = "com.apple.product-type.bundle.unit-test";
		};
/* End PBXNativeTarget section */

/* Begin PBXProject section */
		A88D841869819D327C146391 /* Project object */ = {
			isa = PBXProject;
			attributes = {
				BuildIndependentTargetsInParallel = YES;
				LastUpgradeCheck = 1630;
				TargetAttributes = {
					75971D7AAFC58CAAAB076FC7 = {
						ProvisioningStyle = Automatic;
					};
					9BBCA9B521D8D523656393F4 = {
						DevelopmentTeam = "";
						ProvisioningStyle = Automatic;
					};
				};
			};
			buildConfigurationList = 3F244CF65E690560FC95CB39 /* Build configuration list for PBXProject "Rawcut" */;
			developmentRegion = en;
			hasScannedForEncodings = 0;
			knownRegions = (
				Base,
				en,
			);
			mainGroup = 0786B6E54664124B96CD9CD6;
			minimizedProjectReferenceProxies = 1;
			preferredProjectObjectVersion = 77;
			productRefGroup = 8F56DB7F67A2BF1787772FB4 /* Products */;
			projectDirPath = "";
			projectRoot = "";
			targets = (
				75971D7AAFC58CAAAB076FC7 /* Rawcut */,
				9BBCA9B521D8D523656393F4 /* RawcutTests */,
			);
		};
/* End PBXProject section */

/* Begin PBXResourcesBuildPhase section */
		CC33DD44EE55FF66AA11BB22 /* Resources */ = {
			isa = PBXResourcesBuildPhase;
			buildActionMask = 2147483647;
			files = (
				BB22CC33DD44EE55FF66AA11 /* Assets.xcassets in Resources */,
				FF66AA11BB22CC33DD44EE55 /* Localizable.xcstrings in Resources */,
			);
			runOnlyForDeploymentPostprocessing = 0;
		};
/* End PBXResourcesBuildPhase section */

/* Begin PBXSourcesBuildPhase section */
		38E10010080CE3AD671194E8 /* Sources */ = {
			isa = PBXSourcesBuildPhase;
			buildActionMask = 2147483647;
			files = (
				AC05A2501EB22B889F2F744D /* RawcutTests.swift in Sources */,
			);
			runOnlyForDeploymentPostprocessing = 0;
		};
		8E6F9916AAC13A1FDACB0FFE /* Sources */ = {
			isa = PBXSourcesBuildPhase;
			buildActionMask = 2147483647;
			files = (
				4E465C97951E0EAB731CD3A2 /* AppDelegate.swift in Sources */,
				BB33CC44DD55EE66FF77AA22 /* APIClient.swift in Sources */,
				E2316A028038CEE58003EDCD /* AssetThumbnailView.swift in Sources */,
				95C56EF876481EAE5ED808C8 /* AuthManager.swift in Sources */,
				C528FC3BEFD2F8D4DE0E0F4E /* ContentView.swift in Sources */,
				FF77AA22BB33CC44DD55EE66 /* CreateView.swift in Sources */,
				D3BFAB74117185BED700BA45 /* EmptyStateView.swift in Sources */,
				EB1C6E98CDDCBF70B45AC61E /* LocalStore.swift in Sources */,
				268DFCE8634424536163099D /* MediaAsset.swift in Sources */,
				4BCB897946FCC93D31E64928 /* MediaHubView.swift in Sources */,
				70CD415C1B050FCAAA0404B4 /* NetworkMonitor.swift in Sources */,
				39B42CF1CDEC8E2FBEC9FFA0 /* OnboardingView.swift in Sources */,
				BA7FDF4C96001C2AD2D2CB5D /* PhotoLibraryObserver.swift in Sources */,
				DD55EE66FF77AA22BB33CC44 /* ProjectsView.swift in Sources */,
				A1B2C3D4E5F60718293A4B5C /* ProjectDetailView.swift in Sources */,
				C3D4E5F607182930415B6C7D /* RenderStatusView.swift in Sources */,
				1A5C6E4A7C05E0750C23449F /* RawcutApp.swift in Sources */,
				5CCE978A84994071B358C3D4 /* SearchView.swift in Sources */,
				F4153450F284A4ED6ECDB6D6 /* SettingsView.swift in Sources */,
				85AF8C7C5F5C197E3DC1FDA8 /* SyncEngine.swift in Sources */,
				E72C373C931067F9BE34D818 /* SyncStatus.swift in Sources */,
				37947158DC8786913D79D267 /* SyncStatusBar.swift in Sources */,
				67B88525790A5BCCDCCD456E /* TimelineView.swift in Sources */,
				3C9075CB4DC6B5654A502A63 /* UploadManager.swift in Sources */,
				AD12AA667077741A21B03993 /* ChatView.swift in Sources */,
				174FA77157A537A7F1F10344 /* ScriptCardView.swift in Sources */,
				4D550340743444E38E310988 /* InlineVideoPlayer.swift in Sources */,
				1AAA2CBCAA61018C8E9B0C3F /* RenderProgressBubble.swift in Sources */,
			);
			runOnlyForDeploymentPostprocessing = 0;
		};
/* End PBXSourcesBuildPhase section */

/* Begin PBXTargetDependency section */
		551161D1D410443B67569E6E /* PBXTargetDependency */ = {
			isa = PBXTargetDependency;
			target = 75971D7AAFC58CAAAB076FC7 /* Rawcut */;
			targetProxy = 481C789097CEA5B9A7D0B467 /* PBXContainerItemProxy */;
		};
/* End PBXTargetDependency section */

/* Begin XCBuildConfiguration section */
		156CFB38FA7428194D059A85 /* Debug */ = {
			isa = XCBuildConfiguration;
			buildSettings = {
				ASSETCATALOG_COMPILER_APPICON_NAME = AppIcon;
				CODE_SIGN_ENTITLEMENTS = Rawcut/Rawcut.entitlements;
				CODE_SIGN_IDENTITY = "iPhone Developer";
				DEVELOPMENT_TEAM = 6W2C4T2CLR;
				ENABLE_USER_SCRIPT_SANDBOXING = NO;
				INFOPLIST_FILE = Rawcut/Info.plist;
				INFOPLIST_KEY_BGTaskSchedulerPermittedIdentifiers = "$(PRODUCT_BUNDLE_IDENTIFIER).sync $(PRODUCT_BUNDLE_IDENTIFIER).processing";
				INFOPLIST_KEY_LSApplicationCategoryType = "public.app-category.lifestyle";
				INFOPLIST_KEY_UIApplicationSceneManifest_Generation = YES;
				INFOPLIST_KEY_UILaunchScreen_Generation = YES;
				INFOPLIST_KEY_UISupportedInterfaceOrientations = UIInterfaceOrientationPortrait;
				LD_RUNPATH_SEARCH_PATHS = (
					"$(inherited)",
					"@executable_path/Frameworks",
				);
				PRODUCT_BUNDLE_IDENTIFIER = io.rawcut.app;
				SDKROOT = iphoneos;
				TARGETED_DEVICE_FAMILY = "1,2";
			};
			name = Debug;
		};
		5B89272A8637A985637F6B17 /* Debug */ = {
			isa = XCBuildConfiguration;
			buildSettings = {
				BUNDLE_LOADER = "$(TEST_HOST)";
				LD_RUNPATH_SEARCH_PATHS = (
					"$(inherited)",
					"@executable_path/Frameworks",
					"@loader_path/Frameworks",
				);
				PRODUCT_BUNDLE_IDENTIFIER = com.rawcut.app.tests;
				SDKROOT = iphoneos;
				TARGETED_DEVICE_FAMILY = "1,2";
				TEST_HOST = "$(BUILT_PRODUCTS_DIR)/Rawcut.app/Rawcut";
			};
			name = Debug;
		};
		6A6860519379303F08B7664B /* Release */ = {
			isa = XCBuildConfiguration;
			buildSettings = {
				ASSETCATALOG_COMPILER_APPICON_NAME = AppIcon;
				CODE_SIGN_ENTITLEMENTS = Rawcut/Rawcut.entitlements;
				CODE_SIGN_IDENTITY = "iPhone Developer";
				DEVELOPMENT_TEAM = 6W2C4T2CLR;
				ENABLE_USER_SCRIPT_SANDBOXING = NO;
				INFOPLIST_FILE = Rawcut/Info.plist;
				INFOPLIST_KEY_BGTaskSchedulerPermittedIdentifiers = "$(PRODUCT_BUNDLE_IDENTIFIER).sync $(PRODUCT_BUNDLE_IDENTIFIER).processing";
				INFOPLIST_KEY_LSApplicationCategoryType = "public.app-category.lifestyle";
				INFOPLIST_KEY_UIApplicationSceneManifest_Generation = YES;
				INFOPLIST_KEY_UILaunchScreen_Generation = YES;
				INFOPLIST_KEY_UISupportedInterfaceOrientations = UIInterfaceOrientationPortrait;
				LD_RUNPATH_SEARCH_PATHS = (
					"$(inherited)",
					"@executable_path/Frameworks",
				);
				PRODUCT_BUNDLE_IDENTIFIER = io.rawcut.app;
				SDKROOT = iphoneos;
				TARGETED_DEVICE_FAMILY = "1,2";
			};
			name = Release;
		};
		78E94FB66E55E3730468E04B /* Release */ = {
			isa = XCBuildConfiguration;
			buildSettings = {
				BUNDLE_LOADER = "$(TEST_HOST)";
				LD_RUNPATH_SEARCH_PATHS = (
					"$(inherited)",
					"@executable_path/Frameworks",
					"@loader_path/Frameworks",
				);
				PRODUCT_BUNDLE_IDENTIFIER = com.rawcut.app.tests;
				SDKROOT = iphoneos;
				TARGETED_DEVICE_FAMILY = "1,2";
				TEST_HOST = "$(BUILT_PRODUCTS_DIR)/Rawcut.app/Rawcut";
			};
			name = Release;
		};
		9ED65CE9BCFAEF92AEA82FE1 /* Release */ = {
			isa = XCBuildConfiguration;
			buildSettings = {
				ALWAYS_SEARCH_USER_PATHS = NO;
				CLANG_ANALYZER_NONNULL = YES;
				CLANG_ANALYZER_NUMBER_OBJECT_CONVERSION = YES_AGGRESSIVE;
				CLANG_CXX_LANGUAGE_STANDARD = "gnu++14";
				CLANG_CXX_LIBRARY = "libc++";
				CLANG_ENABLE_MODULES = YES;
				CLANG_ENABLE_OBJC_ARC = YES;
				CLANG_ENABLE_OBJC_WEAK = YES;
				CLANG_WARN_BLOCK_CAPTURE_AUTORELEASING = YES;
				CLANG_WARN_BOOL_CONVERSION = YES;
				CLANG_WARN_COMMA = YES;
				CLANG_WARN_CONSTANT_CONVERSION = YES;
				CLANG_WARN_DEPRECATED_OBJC_IMPLEMENTATIONS = YES;
				CLANG_WARN_DIRECT_OBJC_ISA_USAGE = YES_ERROR;
				CLANG_WARN_DOCUMENTATION_COMMENTS = YES;
				CLANG_WARN_EMPTY_BODY = YES;
				CLANG_WARN_ENUM_CONVERSION = YES;
				CLANG_WARN_INFINITE_RECURSION = YES;
				CLANG_WARN_INT_CONVERSION = YES;
				CLANG_WARN_NON_LITERAL_NULL_CONVERSION = YES;
				CLANG_WARN_OBJC_IMPLICIT_RETAIN_SELF = YES;
				CLANG_WARN_OBJC_LITERAL_CONVERSION = YES;
				CLANG_WARN_OBJC_ROOT_CLASS = YES_ERROR;
				CLANG_WARN_QUOTED_INCLUDE_IN_FRAMEWORK_HEADER = YES;
				CLANG_WARN_RANGE_LOOP_ANALYSIS = YES;
				CLANG_WARN_STRICT_PROTOTYPES = YES;
				CLANG_WARN_SUSPICIOUS_MOVE = YES;
				CLANG_WARN_UNGUARDED_AVAILABILITY = YES_AGGRESSIVE;
				CLANG_WARN_UNREACHABLE_CODE = YES;
				CLANG_WARN__DUPLICATE_METHOD_MATCH = YES;
				CODE_SIGN_STYLE = Automatic;
				COPY_PHASE_STRIP = NO;
				DEBUG_INFORMATION_FORMAT = "dwarf-with-dsym";
				DEVELOPMENT_TEAM = "";
				ENABLE_NS_ASSERTIONS = NO;
				ENABLE_STRICT_OBJC_MSGSEND = YES;
				GCC_C_LANGUAGE_STANDARD = gnu11;
				GCC_NO_COMMON_BLOCKS = YES;
				GCC_WARN_64_TO_32_BIT_CONVERSION = YES;
				GCC_WARN_ABOUT_RETURN_TYPE = YES_ERROR;
				GCC_WARN_UNDECLARED_SELECTOR = YES;
				GCC_WARN_UNINITIALIZED_AUTOS = YES_AGGRESSIVE;
				GCC_WARN_UNUSED_FUNCTION = YES;
				GCC_WARN_UNUSED_VARIABLE = YES;
				INFOPLIST_KEY_NSMicrophoneUsageDescription = "rawcut uses the microphone for voice-to-text script input.";
				INFOPLIST_KEY_NSPhotoLibraryAddUsageDescription = "rawcut saves edited videos to your photo library.";
				INFOPLIST_KEY_NSPhotoLibraryUsageDescription = "rawcut needs access to your photos and videos to sync them to the cloud.";
				INFOPLIST_KEY_NSSpeechRecognitionUsageDescription = "rawcut uses speech recognition for voice-to-text script input.";
				IPHONEOS_DEPLOYMENT_TARGET = 17.0;
				MTL_ENABLE_DEBUG_INFO = NO;
				MTL_FAST_MATH = YES;
				PRODUCT_NAME = "$(TARGET_NAME)";
				SDKROOT = iphoneos;
				SWIFT_COMPILATION_MODE = wholemodule;
				SWIFT_OPTIMIZATION_LEVEL = "-O";
				SWIFT_VERSION = 6.0;
			};
			name = Release;
		};
		9F0E02982E6AB3A113D15464 /* Debug */ = {
			isa = XCBuildConfiguration;
			buildSettings = {
				ALWAYS_SEARCH_USER_PATHS = NO;
				CLANG_ANALYZER_NONNULL = YES;
				CLANG_ANALYZER_NUMBER_OBJECT_CONVERSION = YES_AGGRESSIVE;
				CLANG_CXX_LANGUAGE_STANDARD = "gnu++14";
				CLANG_CXX_LIBRARY = "libc++";
				CLANG_ENABLE_MODULES = YES;
				CLANG_ENABLE_OBJC_ARC = YES;
				CLANG_ENABLE_OBJC_WEAK = YES;
				CLANG_WARN_BLOCK_CAPTURE_AUTORELEASING = YES;
				CLANG_WARN_BOOL_CONVERSION = YES;
				CLANG_WARN_COMMA = YES;
				CLANG_WARN_CONSTANT_CONVERSION = YES;
				CLANG_WARN_DEPRECATED_OBJC_IMPLEMENTATIONS = YES;
				CLANG_WARN_DIRECT_OBJC_ISA_USAGE = YES_ERROR;
				CLANG_WARN_DOCUMENTATION_COMMENTS = YES;
				CLANG_WARN_EMPTY_BODY = YES;
				CLANG_WARN_ENUM_CONVERSION = YES;
				CLANG_WARN_INFINITE_RECURSION = YES;
				CLANG_WARN_INT_CONVERSION = YES;
				CLANG_WARN_NON_LITERAL_NULL_CONVERSION = YES;
				CLANG_WARN_OBJC_IMPLICIT_RETAIN_SELF = YES;
				CLANG_WARN_OBJC_LITERAL_CONVERSION = YES;
				CLANG_WARN_OBJC_ROOT_CLASS = YES_ERROR;
				CLANG_WARN_QUOTED_INCLUDE_IN_FRAMEWORK_HEADER = YES;
				CLANG_WARN_RANGE_LOOP_ANALYSIS = YES;
				CLANG_WARN_STRICT_PROTOTYPES = YES;
				CLANG_WARN_SUSPICIOUS_MOVE = YES;
				CLANG_WARN_UNGUARDED_AVAILABILITY = YES_AGGRESSIVE;
				CLANG_WARN_UNREACHABLE_CODE = YES;
				CLANG_WARN__DUPLICATE_METHOD_MATCH = YES;
				CODE_SIGN_STYLE = Automatic;
				COPY_PHASE_STRIP = NO;
				DEBUG_INFORMATION_FORMAT = dwarf;
				DEVELOPMENT_TEAM = "";
				ENABLE_STRICT_OBJC_MSGSEND = YES;
				ENABLE_TESTABILITY = YES;
				GCC_C_LANGUAGE_STANDARD = gnu11;
				GCC_DYNAMIC_NO_PIC = NO;
				GCC_NO_COMMON_BLOCKS = YES;
				GCC_OPTIMIZATION_LEVEL = 0;
				GCC_PREPROCESSOR_DEFINITIONS = (
					"$(inherited)",
					"DEBUG=1",
				);
				GCC_WARN_64_TO_32_BIT_CONVERSION = YES;
				GCC_WARN_ABOUT_RETURN_TYPE = YES_ERROR;
				GCC_WARN_UNDECLARED_SELECTOR = YES;
				GCC_WARN_UNINITIALIZED_AUTOS = YES_AGGRESSIVE;
				GCC_WARN_UNUSED_FUNCTION = YES;
				GCC_WARN_UNUSED_VARIABLE = YES;
				INFOPLIST_KEY_NSMicrophoneUsageDescription = "rawcut uses the microphone for voice-to-text script input.";
				INFOPLIST_KEY_NSPhotoLibraryAddUsageDescription = "rawcut saves edited videos to your photo library.";
				INFOPLIST_KEY_NSPhotoLibraryUsageDescription = "rawcut needs access to your photos and videos to sync them to the cloud.";
				INFOPLIST_KEY_NSSpeechRecognitionUsageDescription = "rawcut uses speech recognition for voice-to-text script input.";
				IPHONEOS_DEPLOYMENT_TARGET = 17.0;
				MTL_ENABLE_DEBUG_INFO = INCLUDE_SOURCE;
				MTL_FAST_MATH = YES;
				ONLY_ACTIVE_ARCH = YES;
				PRODUCT_NAME = "$(TARGET_NAME)";
				SDKROOT = iphoneos;
				SWIFT_ACTIVE_COMPILATION_CONDITIONS = DEBUG;
				SWIFT_OPTIMIZATION_LEVEL = "-Onone";
				SWIFT_VERSION = 6.0;
			};
			name = Debug;
		};
/* End XCBuildConfiguration section */

/* Begin XCConfigurationList section */
		3F244CF65E690560FC95CB39 /* Build configuration list for PBXProject "Rawcut" */ = {
			isa = XCConfigurationList;
			buildConfigurations = (
				9F0E02982E6AB3A113D15464 /* Debug */,
				9ED65CE9BCFAEF92AEA82FE1 /* Release */,
			);
			defaultConfigurationIsVisible = 0;
			defaultConfigurationName = Debug;
		};
		A58B1E541D04313E2B14E8EC /* Build configuration list for PBXNativeTarget "RawcutTests" */ = {
			isa = XCConfigurationList;
			buildConfigurations = (
				5B89272A8637A985637F6B17 /* Debug */,
				78E94FB66E55E3730468E04B /* Release */,
			);
			defaultConfigurationIsVisible = 0;
			defaultConfigurationName = Debug;
		};
		AEA98BA757654A22E9C2C656 /* Build configuration list for PBXNativeTarget "Rawcut" */ = {
			isa = XCConfigurationList;
			buildConfigurations = (
				156CFB38FA7428194D059A85 /* Debug */,
				6A6860519379303F08B7664B /* Release */,
			);
			defaultConfigurationIsVisible = 0;
			defaultConfigurationName = Debug;
		};
/* End XCConfigurationList section */
	};
	rootObject = A88D841869819D327C146391 /* Project object */;
}
